
Microsoft Visual Studio Solution File, Format Version 12.00
# Visual Studio Version 17
VisualStudioVersion = 17.6.33829.357
MinimumVisualStudioVersion = 10.0.40219.1
Project("{FAE04EC0-301F-11D3-BF4B-00C04F79EFBC}") = "VHSStop", "VHSStop\VHSStop.csproj", "{4ED8728F-A1AD-4D70-B855-934C5811CFA9}"
EndProject
Global
	GlobalSection(SolutionConfigurationPlatforms) = preSolution
		Debug|Any CPU = Debug|Any CPU
		Release|Any CPU = Release|Any CPU
	EndGlobalSection
	GlobalSection(ProjectConfigurationPlatforms) = postSolution
		{4ED8728F-A1AD-4D70-B855-934C5811CFA9}.Debug|Any CPU.ActiveCfg = Debug|Any CPU
		{4ED8728F-A1AD-4D70-B855-934C5811CFA9}.Debug|Any CPU.Build.0 = Debug|Any CPU
		{4ED8728F-A1AD-4D70-B855-934C5811CFA9}.Release|Any CPU.ActiveCfg = Release|Any CPU
		{4ED8728F-A1AD-4D70-B855-934C5811CFA9}.Release|Any CPU.Build.0 = Release|Any CPU
	EndGlobalSection
	GlobalSection(SolutionProperties) = preSolution
		HideSolutionNode = FALSE
	EndGlobalSection
	GlobalSection(ExtensibilityGlobals) = postSolution
		SolutionGuid = {ABC0AD7F-AEAC-48F5-B93D-F8C4FE60F07E}
	EndGlobalSection
EndGlobal
